
Microsoft Visual Studio Solution File, Format Version 12.00
# Visual Studio Version 17
VisualStudioVersion = 17.2.32630.192
MinimumVisualStudioVersion = 10.0.40219.1
Project("{9A19103F-16F7-4668-BE54-9A1E7A4F7556}") = "OSHA_Inspector", "OSHA_Inspector.csproj", "{01506CE4-C946-4726-AD2C-F6F6243A177A}"
EndProject
Global
	GlobalSection(SolutionConfigurationPlatforms) = preSolution
		Debug|Any CPU = Debug|Any CPU
		Release|Any CPU = Release|Any CPU
	EndGlobalSection
	GlobalSection(ProjectConfigurationPlatforms) = postSolution
		{01506CE4-C946-4726-AD2C-F6F6243A177A}.Debug|Any CPU.ActiveCfg = Debug|Any CPU
		{01506CE4-C946-4726-AD2C-F6F6243A177A}.Debug|Any CPU.Build.0 = Debug|Any CPU
		{01506CE4-C946-4726-AD2C-F6F6243A177A}.Release|Any CPU.ActiveCfg = Release|Any CPU
		{01506CE4-C946-4726-AD2C-F6F6243A177A}.Release|Any CPU.Build.0 = Release|Any CPU
	EndGlobalSection
	GlobalSection(SolutionProperties) = preSolution
		HideSolutionNode = FALSE
	EndGlobalSection
	GlobalSection(ExtensibilityGlobals) = postSolution
		SolutionGuid = {E0FEFDB0-1761-4DF4-BDC3-4B49B126DA75}
	EndGlobalSection
EndGlobal
